
Microsoft Visual Studio Solution File, Format Version 12.00
# Visual Studio 14
VisualStudioVersion = 14.0.23107.0
MinimumVisualStudioVersion = 10.0.40219.1
Project("{FAE04EC0-301F-11D3-BF4B-00C04F79EFBC}") = "MLRat", "MLRat\MLRat.csproj", "{BE801141-0D4D-4950-85C8-8E93C9D3312F}"
EndProject
Project("{2150E333-8FDC-42A3-9474-1A3956D46DE8}") = "Testing", "Testing", "{B7DD0894-4ECA-45CA-BC0C-047AAE1EB420}"
EndProject
Project("{2150E333-8FDC-42A3-9474-1A3956D46DE8}") = "Applications", "Applications", "{42B23B14-C516-4CEE-B9BE-42113E1EFB24}"
EndProject
Project("{2150E333-8FDC-42A3-9474-1A3956D46DE8}") = "Plugin", "Plugin", "{B2F79316-CE0B-4BEE-B7E0-EC49A031A8A5}"
EndProject
Project("{2150E333-8FDC-42A3-9474-1A3956D46DE8}") = "PluginUtils", "PluginUtils", "{5ACCE24A-3554-4C93-A2A3-A573D7639F2E}"
EndProject
Project("{FAE04EC0-301F-11D3-BF4B-00C04F79EFBC}") = "ClientPlugin", "ClientPlugin\ClientPlugin.csproj", "{AF10B9C3-7969-4971-BD7A-5C50D8D2547F}"
EndProject
Project("{FAE04EC0-301F-11D3-BF4B-00C04F79EFBC}") = "ServerPlugin", "ServerPlugin\ServerPlugin.csproj", "{A663D4C5-BC01-42A6-9C65-52F0524B4AB7}"
EndProject
Project("{FAE04EC0-301F-11D3-BF4B-00C04F79EFBC}") = "MLRatClient", "MLRatClient\MLRatClient.csproj", "{CC848BD0-3B2D-4C1E-BFCF-75A9894A581D}"
EndProject
Project("{FAE04EC0-301F-11D3-BF4B-00C04F79EFBC}") = "PluginCompiler", "PluginCompiler\PluginCompiler.csproj", "{9434E131-51CD-4FC6-9105-D73734DC5BA6}"
EndProject
Project("{2150E333-8FDC-42A3-9474-1A3956D46DE8}") = "CorePlugins", "CorePlugins", "{5696E475-B750-4692-AF23-7E3D4AE0D021}"
EndProject
Project("{2150E333-8FDC-42A3-9474-1A3956D46DE8}") = "MLSurveillance", "MLSurveillance", "{B7565718-7CC0-49C4-8934-3C8911FDB9AB}"
EndProject
Project("{FAE04EC0-301F-11D3-BF4B-00C04F79EFBC}") = "MLSurveillanceClient", "CorePlugins\MLSurveillance\MLSurveillanceClient\MLSurveillanceClient.csproj", "{7A6CEC00-4A6C-45E0-A25D-3CAB2F436EA6}"
EndProject
Project("{FAE04EC0-301F-11D3-BF4B-00C04F79EFBC}") = "MLSurveillanceServer", "CorePlugins\MLSurveillance\MLSurveillanceServer\MLSurveillanceServer.csproj", "{F7FA0241-1143-475B-A49A-AF44FA2F1339}"
EndProject
Project("{FAE04EC0-301F-11D3-BF4B-00C04F79EFBC}") = "MLSurveillanceSharedCode", "CorePlugins\MLSurveillance\MLSurveillanceSharedCode\MLSurveillanceSharedCode.csproj", "{7219BFA2-5DA4-4608-A3FC-643B7E87E77A}"
EndProject
Project("{FAE04EC0-301F-11D3-BF4B-00C04F79EFBC}") = "MLRatSharedCode", "MLRatSharedCode\MLRatSharedCode.csproj", "{B87A5373-750C-44A7-BCEC-32185A3077AC}"
EndProject
Project("{FAE04EC0-301F-11D3-BF4B-00C04F79EFBC}") = "MLManagementServer", "CorePlugins\MLManagement\MLManagementServer\MLManagementServer.csproj", "{F0A581F1-D9BE-42EB-B262-E6A7CC839D2B}"
EndProject
Project("{2150E333-8FDC-42A3-9474-1A3956D46DE8}") = "MLManagement", "MLManagement", "{7B273929-1707-4B2B-BA51-75BB8877DFA9}"
EndProject
Project("{FAE04EC0-301F-11D3-BF4B-00C04F79EFBC}") = "MLManagementClient", "CorePlugins\MLManagement\MLManagementClient\MLManagementClient.csproj", "{111BB935-2A0A-4AE2-AEB0-EF2FAA529840}"
EndProject
Project("{FAE04EC0-301F-11D3-BF4B-00C04F79EFBC}") = "SharedCode", "CorePlugins\MLManagement\SharedCode\SharedCode.csproj", "{4D164EDE-7180-4A1B-BE82-59BB87542037}"
EndProject
Project("{2150E333-8FDC-42A3-9474-1A3956D46DE8}") = "MLRecovery", "MLRecovery", "{DAAB9DCA-5AB4-4299-A730-617E2AAFDF76}"
EndProject
Project("{FAE04EC0-301F-11D3-BF4B-00C04F79EFBC}") = "MLRecoveryServer", "CorePlugins\MLRecovery\MLRecoveryServer\MLRecoveryServer.csproj", "{A6497C83-7DC7-4E48-87BA-FB5DFAABE3C9}"
EndProject
Project("{FAE04EC0-301F-11D3-BF4B-00C04F79EFBC}") = "MLRecoveryClient", "CorePlugins\MLRecovery\MLRecoveryClient\MLRecoveryClient.csproj", "{7A58EE54-7F2E-4C2F-B41E-19DD0D1629F1}"
EndProject
Project("{FAE04EC0-301F-11D3-BF4B-00C04F79EFBC}") = "SharedCode", "CorePlugins\MLRecovery\SharedCode\SharedCode.csproj", "{6C0942A1-C852-40F4-95F9-953510BD102D}"
EndProject
Project("{2150E333-8FDC-42A3-9474-1A3956D46DE8}") = "MLMisc", "MLMisc", "{9B0A5EBE-134C-4132-A437-B75058AEFBD9}"
EndProject
Project("{FAE04EC0-301F-11D3-BF4B-00C04F79EFBC}") = "MLMiscServer", "CorePlugins\MLMisc\MLMiscServer\MLMiscServer.csproj", "{BD628EE4-F3A0-4242-BCE3-95CA21114CD7}"
EndProject
Project("{FAE04EC0-301F-11D3-BF4B-00C04F79EFBC}") = "MLMiscClient", "CorePlugins\MLMisc\MLMiscClient\MLMiscClient.csproj", "{043EE329-C00A-4F67-971F-BF1C55D4BC1A}"
EndProject
Project("{FAE04EC0-301F-11D3-BF4B-00C04F79EFBC}") = "SharedCode", "CorePlugins\MLMisc\SharedCode\SharedCode.csproj", "{7BCD7440-845C-417B-8C2F-AA89D3AE8FD0}"
EndProject
Global
	GlobalSection(SolutionConfigurationPlatforms) = preSolution
		Debug|Any CPU = Debug|Any CPU
		Release|Any CPU = Release|Any CPU
	EndGlobalSection
	GlobalSection(ProjectConfigurationPlatforms) = postSolution
		{BE801141-0D4D-4950-85C8-8E93C9D3312F}.Debug|Any CPU.ActiveCfg = Debug|Any CPU
		{BE801141-0D4D-4950-85C8-8E93C9D3312F}.Debug|Any CPU.Build.0 = Debug|Any CPU
		{BE801141-0D4D-4950-85C8-8E93C9D3312F}.Release|Any CPU.ActiveCfg = Release|Any CPU
		{BE801141-0D4D-4950-85C8-8E93C9D3312F}.Release|Any CPU.Build.0 = Release|Any CPU
		{AF10B9C3-7969-4971-BD7A-5C50D8D2547F}.Debug|Any CPU.ActiveCfg = Debug|Any CPU
		{AF10B9C3-7969-4971-BD7A-5C50D8D2547F}.Debug|Any CPU.Build.0 = Debug|Any CPU
		{AF10B9C3-7969-4971-BD7A-5C50D8D2547F}.Release|Any CPU.ActiveCfg = Release|Any CPU
		{AF10B9C3-7969-4971-BD7A-5C50D8D2547F}.Release|Any CPU.Build.0 = Release|Any CPU
		{A663D4C5-BC01-42A6-9C65-52F0524B4AB7}.Debug|Any CPU.ActiveCfg = Debug|Any CPU
		{A663D4C5-BC01-42A6-9C65-52F0524B4AB7}.Debug|Any CPU.Build.0 = Debug|Any CPU
		{A663D4C5-BC01-42A6-9C65-52F0524B4AB7}.Release|Any CPU.ActiveCfg = Release|Any CPU
		{A663D4C5-BC01-42A6-9C65-52F0524B4AB7}.Release|Any CPU.Build.0 = Release|Any CPU
		{CC848BD0-3B2D-4C1E-BFCF-75A9894A581D}.Debug|Any CPU.ActiveCfg = Debug|Any CPU
		{CC848BD0-3B2D-4C1E-BFCF-75A9894A581D}.Debug|Any CPU.Build.0 = Debug|Any CPU
		{CC848BD0-3B2D-4C1E-BFCF-75A9894A581D}.Release|Any CPU.ActiveCfg = Release|Any CPU
		{CC848BD0-3B2D-4C1E-BFCF-75A9894A581D}.Release|Any CPU.Build.0 = Release|Any CPU
		{9434E131-51CD-4FC6-9105-D73734DC5BA6}.Debug|Any CPU.ActiveCfg = Debug|Any CPU
		{9434E131-51CD-4FC6-9105-D73734DC5BA6}.Debug|Any CPU.Build.0 = Debug|Any CPU
		{9434E131-51CD-4FC6-9105-D73734DC5BA6}.Release|Any CPU.ActiveCfg = Release|Any CPU
		{9434E131-51CD-4FC6-9105-D73734DC5BA6}.Release|Any CPU.Build.0 = Release|Any CPU
		{7A6CEC00-4A6C-45E0-A25D-3CAB2F436EA6}.Debug|Any CPU.ActiveCfg = Debug|Any CPU
		{7A6CEC00-4A6C-45E0-A25D-3CAB2F436EA6}.Debug|Any CPU.Build.0 = Debug|Any CPU
		{7A6CEC00-4A6C-45E0-A25D-3CAB2F436EA6}.Release|Any CPU.ActiveCfg = Release|Any CPU
		{7A6CEC00-4A6C-45E0-A25D-3CAB2F436EA6}.Release|Any CPU.Build.0 = Release|Any CPU
		{F7FA0241-1143-475B-A49A-AF44FA2F1339}.Debug|Any CPU.ActiveCfg = Debug|Any CPU
		{F7FA0241-1143-475B-A49A-AF44FA2F1339}.Debug|Any CPU.Build.0 = Debug|Any CPU
		{F7FA0241-1143-475B-A49A-AF44FA2F1339}.Release|Any CPU.ActiveCfg = Release|Any CPU
		{F7FA0241-1143-475B-A49A-AF44FA2F1339}.Release|Any CPU.Build.0 = Release|Any CPU
		{7219BFA2-5DA4-4608-A3FC-643B7E87E77A}.Debug|Any CPU.ActiveCfg = Debug|Any CPU
		{7219BFA2-5DA4-4608-A3FC-643B7E87E77A}.Debug|Any CPU.Build.0 = Debug|Any CPU
		{7219BFA2-5DA4-4608-A3FC-643B7E87E77A}.Release|Any CPU.ActiveCfg = Release|Any CPU
		{7219BFA2-5DA4-4608-A3FC-643B7E87E77A}.Release|Any CPU.Build.0 = Release|Any CPU
		{B87A5373-750C-44A7-BCEC-32185A3077AC}.Debug|Any CPU.ActiveCfg = Debug|Any CPU
		{B87A5373-750C-44A7-BCEC-32185A3077AC}.Debug|Any CPU.Build.0 = Debug|Any CPU
		{B87A5373-750C-44A7-BCEC-32185A3077AC}.Release|Any CPU.ActiveCfg = Release|Any CPU
		{B87A5373-750C-44A7-BCEC-32185A3077AC}.Release|Any CPU.Build.0 = Release|Any CPU
		{F0A581F1-D9BE-42EB-B262-E6A7CC839D2B}.Debug|Any CPU.ActiveCfg = Debug|Any CPU
		{F0A581F1-D9BE-42EB-B262-E6A7CC839D2B}.Debug|Any CPU.Build.0 = Debug|Any CPU
		{F0A581F1-D9BE-42EB-B262-E6A7CC839D2B}.Release|Any CPU.ActiveCfg = Release|Any CPU
		{F0A581F1-D9BE-42EB-B262-E6A7CC839D2B}.Release|Any CPU.Build.0 = Release|Any CPU
		{111BB935-2A0A-4AE2-AEB0-EF2FAA529840}.Debug|Any CPU.ActiveCfg = Debug|Any CPU
		{111BB935-2A0A-4AE2-AEB0-EF2FAA529840}.Debug|Any CPU.Build.0 = Debug|Any CPU
		{111BB935-2A0A-4AE2-AEB0-EF2FAA529840}.Release|Any CPU.ActiveCfg = Release|Any CPU
		{111BB935-2A0A-4AE2-AEB0-EF2FAA529840}.Release|Any CPU.Build.0 = Release|Any CPU
		{4D164EDE-7180-4A1B-BE82-59BB87542037}.Debug|Any CPU.ActiveCfg = Debug|Any CPU
		{4D164EDE-7180-4A1B-BE82-59BB87542037}.Debug|Any CPU.Build.0 = Debug|Any CPU
		{4D164EDE-7180-4A1B-BE82-59BB87542037}.Release|Any CPU.ActiveCfg = Release|Any CPU
		{4D164EDE-7180-4A1B-BE82-59BB87542037}.Release|Any CPU.Build.0 = Release|Any CPU
		{A6497C83-7DC7-4E48-87BA-FB5DFAABE3C9}.Debug|Any CPU.ActiveCfg = Debug|Any CPU
		{A6497C83-7DC7-4E48-87BA-FB5DFAABE3C9}.Debug|Any CPU.Build.0 = Debug|Any CPU
		{A6497C83-7DC7-4E48-87BA-FB5DFAABE3C9}.Release|Any CPU.ActiveCfg = Release|Any CPU
		{A6497C83-7DC7-4E48-87BA-FB5DFAABE3C9}.Release|Any CPU.Build.0 = Release|Any CPU
		{7A58EE54-7F2E-4C2F-B41E-19DD0D1629F1}.Debug|Any CPU.ActiveCfg = Debug|Any CPU
		{7A58EE54-7F2E-4C2F-B41E-19DD0D1629F1}.Debug|Any CPU.Build.0 = Debug|Any CPU
		{7A58EE54-7F2E-4C2F-B41E-19DD0D1629F1}.Release|Any CPU.ActiveCfg = Release|Any CPU
		{7A58EE54-7F2E-4C2F-B41E-19DD0D1629F1}.Release|Any CPU.Build.0 = Release|Any CPU
		{6C0942A1-C852-40F4-95F9-953510BD102D}.Debug|Any CPU.ActiveCfg = Debug|Any CPU
		{6C0942A1-C852-40F4-95F9-953510BD102D}.Debug|Any CPU.Build.0 = Debug|Any CPU
		{6C0942A1-C852-40F4-95F9-953510BD102D}.Release|Any CPU.ActiveCfg = Release|Any CPU
		{6C0942A1-C852-40F4-95F9-953510BD102D}.Release|Any CPU.Build.0 = Release|Any CPU
		{BD628EE4-F3A0-4242-BCE3-95CA21114CD7}.Debug|Any CPU.ActiveCfg = Debug|Any CPU
		{BD628EE4-F3A0-4242-BCE3-95CA21114CD7}.Debug|Any CPU.Build.0 = Debug|Any CPU
		{BD628EE4-F3A0-4242-BCE3-95CA21114CD7}.Release|Any CPU.ActiveCfg = Release|Any CPU
		{BD628EE4-F3A0-4242-BCE3-95CA21114CD7}.Release|Any CPU.Build.0 = Release|Any CPU
		{043EE329-C00A-4F67-971F-BF1C55D4BC1A}.Debug|Any CPU.ActiveCfg = Debug|Any CPU
		{043EE329-C00A-4F67-971F-BF1C55D4BC1A}.Debug|Any CPU.Build.0 = Debug|Any CPU
		{043EE329-C00A-4F67-971F-BF1C55D4BC1A}.Release|Any CPU.ActiveCfg = Release|Any CPU
		{043EE329-C00A-4F67-971F-BF1C55D4BC1A}.Release|Any CPU.Build.0 = Release|Any CPU
		{7BCD7440-845C-417B-8C2F-AA89D3AE8FD0}.Debug|Any CPU.ActiveCfg = Debug|Any CPU
		{7BCD7440-845C-417B-8C2F-AA89D3AE8FD0}.Debug|Any CPU.Build.0 = Debug|Any CPU
		{7BCD7440-845C-417B-8C2F-AA89D3AE8FD0}.Release|Any CPU.ActiveCfg = Release|Any CPU
		{7BCD7440-845C-417B-8C2F-AA89D3AE8FD0}.Release|Any CPU.Build.0 = Release|Any CPU
	EndGlobalSection
	GlobalSection(SolutionProperties) = preSolution
		HideSolutionNode = FALSE
	EndGlobalSection
	GlobalSection(NestedProjects) = preSolution
		{BE801141-0D4D-4950-85C8-8E93C9D3312F} = {42B23B14-C516-4CEE-B9BE-42113E1EFB24}
		{5ACCE24A-3554-4C93-A2A3-A573D7639F2E} = {B2F79316-CE0B-4BEE-B7E0-EC49A031A8A5}
		{AF10B9C3-7969-4971-BD7A-5C50D8D2547F} = {5ACCE24A-3554-4C93-A2A3-A573D7639F2E}
		{A663D4C5-BC01-42A6-9C65-52F0524B4AB7} = {5ACCE24A-3554-4C93-A2A3-A573D7639F2E}
		{CC848BD0-3B2D-4C1E-BFCF-75A9894A581D} = {42B23B14-C516-4CEE-B9BE-42113E1EFB24}
		{9434E131-51CD-4FC6-9105-D73734DC5BA6} = {5ACCE24A-3554-4C93-A2A3-A573D7639F2E}
		{5696E475-B750-4692-AF23-7E3D4AE0D021} = {B2F79316-CE0B-4BEE-B7E0-EC49A031A8A5}
		{B7565718-7CC0-49C4-8934-3C8911FDB9AB} = {5696E475-B750-4692-AF23-7E3D4AE0D021}
		{7A6CEC00-4A6C-45E0-A25D-3CAB2F436EA6} = {B7565718-7CC0-49C4-8934-3C8911FDB9AB}
		{F7FA0241-1143-475B-A49A-AF44FA2F1339} = {B7565718-7CC0-49C4-8934-3C8911FDB9AB}
		{7219BFA2-5DA4-4608-A3FC-643B7E87E77A} = {B7565718-7CC0-49C4-8934-3C8911FDB9AB}
		{B87A5373-750C-44A7-BCEC-32185A3077AC} = {42B23B14-C516-4CEE-B9BE-42113E1EFB24}
		{F0A581F1-D9BE-42EB-B262-E6A7CC839D2B} = {7B273929-1707-4B2B-BA51-75BB8877DFA9}
		{7B273929-1707-4B2B-BA51-75BB8877DFA9} = {5696E475-B750-4692-AF23-7E3D4AE0D021}
		{111BB935-2A0A-4AE2-AEB0-EF2FAA529840} = {7B273929-1707-4B2B-BA51-75BB8877DFA9}
		{4D164EDE-7180-4A1B-BE82-59BB87542037} = {7B273929-1707-4B2B-BA51-75BB8877DFA9}
		{DAAB9DCA-5AB4-4299-A730-617E2AAFDF76} = {5696E475-B750-4692-AF23-7E3D4AE0D021}
		{A6497C83-7DC7-4E48-87BA-FB5DFAABE3C9} = {DAAB9DCA-5AB4-4299-A730-617E2AAFDF76}
		{7A58EE54-7F2E-4C2F-B41E-19DD0D1629F1} = {DAAB9DCA-5AB4-4299-A730-617E2AAFDF76}
		{6C0942A1-C852-40F4-95F9-953510BD102D} = {DAAB9DCA-5AB4-4299-A730-617E2AAFDF76}
		{9B0A5EBE-134C-4132-A437-B75058AEFBD9} = {5696E475-B750-4692-AF23-7E3D4AE0D021}
		{BD628EE4-F3A0-4242-BCE3-95CA21114CD7} = {9B0A5EBE-134C-4132-A437-B75058AEFBD9}
		{043EE329-C00A-4F67-971F-BF1C55D4BC1A} = {9B0A5EBE-134C-4132-A437-B75058AEFBD9}
		{7BCD7440-845C-417B-8C2F-AA89D3AE8FD0} = {9B0A5EBE-134C-4132-A437-B75058AEFBD9}
	EndGlobalSection
EndGlobal
